Microsoft Visual Studio Solution File, Format Version 12.00
# Visual Studio Version 17
VisualStudioVersion = 17.5.2.0
MinimumVisualStudioVersion = 10.0.40219.1
Project("{FAE04EC0-301F-11D3-BF4B-00C04F79EFBC}") = "PohonBintang", "PohonBintang.csproj", "{0109AA3A-789D-175A-21E2-173BB9724917}"
EndProject
Global
	GlobalSection(SolutionConfigurationPlatforms) = preSolution
		Debug|Any CPU = Debug|Any CPU
		Release|Any CPU = Release|Any CPU
	EndGlobalSection
	GlobalSection(ProjectConfigurationPlatforms) = postSolution
		{0109AA3A-789D-175A-21E2-173BB9724917}.Debug|Any CPU.ActiveCfg = Debug|Any CPU
		{0109AA3A-789D-175A-21E2-173BB9724917}.Debug|Any CPU.Build.0 = Debug|Any CPU
		{0109AA3A-789D-175A-21E2-173BB9724917}.Release|Any CPU.ActiveCfg = Release|Any CPU
		{0109AA3A-789D-175A-21E2-173BB9724917}.Release|Any CPU.Build.0 = Release|Any CPU
	EndGlobalSection
	GlobalSection(SolutionProperties) = preSolution
		HideSolutionNode = FALSE
	EndGlobalSection
	GlobalSection(ExtensibilityGlobals) = postSolution
		SolutionGuid = {A0C5549E-39A2-4143-9906-46EB91048766}
	EndGlobalSection
EndGlobal
